<?xml version="1.0" encoding="utf-8"?>
<Project ToolsVersion="4.0" xmlns="http://schemas.microsoft.com/developer/msbuild/2003">
  <ItemGroup>
    <Filter Include="Shaders">
      <UniqueIdentifier>{0c7c620b-d82e-4224-9532-312c0406dae8}</UniqueIdentifier>
    </Filter>
    <Filter Include="EntrySystem">
      <UniqueIdentifier>{f3f27a5b-ac88-4b62-861a-ce75647c7425}</UniqueIdentifier>
    </Filter>
    <Filter Include="EngineSystem">
      <UniqueIdentifier>{73e97bd6-35ae-4c2e-a6e7-be0d027ead83}</UniqueIdentifier>
    </Filter>
    <Filter Include="EngineSystem\RenderySystem">
      <UniqueIdentifier>{40052ba3-4011-40c1-abc2-670715c9aa19}</UniqueIdentifier>
    </Filter>
    <Filter Include="InputSystem">
      <UniqueIdentifier>{9167c0f8-64ce-4e65-8ab1-65eb9e2bc6b6}</UniqueIdentifier>
    </Filter>
    <Filter Include="EngineSystem\RenderySystem\SwapChain">
      <UniqueIdentifier>{f49033b0-a7f2-43fd-87ea-61348a6d67f2}</UniqueIdentifier>
    </Filter>
    <Filter Include="EngineSystem\RenderySystem\Device">
      <UniqueIdentifier>{b037ae5c-2a72-4416-aebf-bf73664a8284}</UniqueIdentifier>
    </Filter>
    <Filter Include="ImguiSystem">
      <UniqueIdentifier>{bcfd9189-7fd0-46c8-b21a-4adbc93983a2}</UniqueIdentifier>
    </Filter>
    <Filter Include="ImguiSystem\Imgui">
      <UniqueIdentifier>{ffe8806e-5f2a-4059-8ccd-67531d9015f0}</UniqueIdentifier>
    </Filter>
    <Filter Include="EngineSystem\RenderySystem\VertexBuffer">
      <UniqueIdentifier>{1cc983fe-60ba-4d56-986f-d88d8689b585}</UniqueIdentifier>
    </Filter>
    <Filter Include="EngineSystem\RenderySystem\IndexBuffer">
      <UniqueIdentifier>{70339c64-7a49-44a7-a131-27fc3a84c449}</UniqueIdentifier>
    </Filter>
    <Filter Include="EngineSystem\RenderySystem\ConstantBuffer">
      <UniqueIdentifier>{35643c2c-bccf-4ce2-a60d-703af6da2d21}</UniqueIdentifier>
    </Filter>
    <Filter Include="EngineSystem\RenderySystem\VertexShader">
      <UniqueIdentifier>{55b0426d-68f3-462f-9545-4465a5c1336d}</UniqueIdentifier>
    </Filter>
    <Filter Include="EngineSystem\RenderySystem\PixelShader">
      <UniqueIdentifier>{7784ca5a-7455-41c8-bf39-d1c9b157c3c1}</UniqueIdentifier>
    </Filter>
    <Filter Include="PhysicsSystem">
      <UniqueIdentifier>{f7efe1f4-6912-4152-abc8-9479a593c9a4}</UniqueIdentifier>
    </Filter>
    <Filter Include="CameraSystem">
      <UniqueIdentifier>{0ee06906-4478-4336-860b-189e537498f3}</UniqueIdentifier>
    </Filter>
    <Filter Include="CameraSystem\Frustum">
      <UniqueIdentifier>{c7df679c-42db-43de-a844-4cefb66ad56f}</UniqueIdentifier>
    </Filter>
    <Filter Include="EngineSystem\RenderySystem\RasterizerState">
      <UniqueIdentifier>{3253f162-5840-4863-890a-61ac204fc3b3}</UniqueIdentifier>
    </Filter>
    <Filter Include="ToolSystem">
      <UniqueIdentifier>{ff22594f-e7dc-42fc-8b73-5e2398cca654}</UniqueIdentifier>
    </Filter>
    <Filter Include="ToolSystem\ToolSystemEffect">
      <UniqueIdentifier>{0a554dec-f709-4b80-85f8-1d2bb2b5b845}</UniqueIdentifier>
    </Filter>
    <Filter Include="ToolSystem\ToolSystemCharacter">
      <UniqueIdentifier>{349fd12a-3eea-4e3b-9117-74fc82d63ebe}</UniqueIdentifier>
    </Filter>
    <Filter Include="ToolSystem\ToolSystemMap">
      <UniqueIdentifier>{934255c2-38eb-4726-b841-b3d9c18444fb}</UniqueIdentifier>
    </Filter>
    <Filter Include="ToolSystem\ToolSystemMap\MapObject">
      <UniqueIdentifier>{13463f5d-affc-4215-8510-cf7f6a0ea600}</UniqueIdentifier>
    </Filter>
    <Filter Include="EngineSystem\ObjectSystem">
      <UniqueIdentifier>{aeace847-671b-48cf-9d58-553c0ba7b304}</UniqueIdentifier>
    </Filter>
    <Filter Include="EngineSystem\ObjectSystem\TextureSystem">
      <UniqueIdentifier>{4c22790f-5137-41bb-bf32-33acbb1aa8d4}</UniqueIdentifier>
    </Filter>
    <Filter Include="EngineSystem\ObjectSystem\MaterialSystem">
      <UniqueIdentifier>{35e4ab3a-7c1b-4b2c-b298-8fa7b3cf7e51}</UniqueIdentifier>
    </Filter>
    <Filter Include="EngineSystem\ObjectSystem\MeshSystem">
      <UniqueIdentifier>{56d08058-abd3-4b96-89cb-e4a804203f7b}</UniqueIdentifier>
    </Filter>
    <Filter Include="EngineSystem\ObjectSystem\ResourceSystem">
      <UniqueIdentifier>{960b28d9-d01f-42eb-92e6-5961374e11fc}</UniqueIdentifier>
    </Filter>
    <Filter Include="FBXSystem">
      <UniqueIdentifier>{6020fa11-8f80-4385-88e6-97ce96d0aaf8}</UniqueIdentifier>
    </Filter>
    <Filter Include="FBXSystem\FBXFile">
      <UniqueIdentifier>{23b06e83-3f45-4917-afd8-838c8909f845}</UniqueIdentifier>
    </Filter>
    <Filter Include="FBXSystem\FBXFile\FBXNode">
      <UniqueIdentifier>{c4a1539a-e82c-4ae8-a494-42bebb08bf97}</UniqueIdentifier>
    </Filter>
    <Filter Include="ToolSystem\ToolSystemUI">
      <UniqueIdentifier>{4c3993ff-40a4-4631-af39-1db93c7627ef}</UniqueIdentifier>
    </Filter>
    <Filter Include="WindowSystem">
      <UniqueIdentifier>{ebb6abe7-7bb6-4986-a162-6c171c91c5ff}</UniqueIdentifier>
    </Filter>
    <Filter Include="EngineSystem\ObjectSystem\MeshSystem\MeshNode">
      <UniqueIdentifier>{fe92f711-f3b8-492c-85f6-69c25eb63973}</UniqueIdentifier>
    </Filter>
    <Filter Include="FileSystem">
      <UniqueIdentifier>{eba61a5b-381e-47f7-92e3-f908b64805ee}</UniqueIdentifier>
    </Filter>
  </ItemGroup>
  <ItemGroup>
    <ClInclude Include="WindowSystem.h">
      <Filter>WindowSystem</Filter>
    </ClInclude>
    <ClInclude Include="stdafx.h" />
    <ClInclude Include="imconfig.h">
      <Filter>ImguiSystem\Imgui</Filter>
    </ClInclude>
    <ClInclude Include="imgui.h">
      <Filter>ImguiSystem\Imgui</Filter>
    </ClInclude>
    <ClInclude Include="imgui_impl_dx11.h">
      <Filter>ImguiSystem\Imgui</Filter>
    </ClInclude>
    <ClInclude Include="imgui_impl_win32.h">
      <Filter>ImguiSystem\Imgui</Filter>
    </ClInclude>
    <ClInclude Include="imgui_internal.h">
      <Filter>ImguiSystem\Imgui</Filter>
    </ClInclude>
    <ClInclude Include="imstb_rectpack.h">
      <Filter>ImguiSystem\Imgui</Filter>
    </ClInclude>
    <ClInclude Include="imstb_textedit.h">
      <Filter>ImguiSystem\Imgui</Filter>
    </ClInclude>
    <ClInclude Include="imstb_truetype.h">
      <Filter>ImguiSystem\Imgui</Filter>
    </ClInclude>
    <ClInclude Include="EntrySystem.h">
      <Filter>EntrySystem</Filter>
    </ClInclude>
    <ClInclude Include="EngineSystem.h">
      <Filter>EngineSystem</Filter>
    </ClInclude>
    <ClInclude Include="InputSystem.h">
      <Filter>InputSystem</Filter>
    </ClInclude>
    <ClInclude Include="RenderSystem.h">
      <Filter>EngineSystem\RenderySystem</Filter>
    </ClInclude>
    <ClInclude Include="SwapChain.h">
      <Filter>EngineSystem\RenderySystem\SwapChain</Filter>
    </ClInclude>
    <ClInclude Include="Device.h">
      <Filter>EngineSystem\RenderySystem\Device</Filter>
    </ClInclude>
    <ClInclude Include="ImguiSystem.h">
      <Filter>ImguiSystem</Filter>
    </ClInclude>
    <ClInclude Include="VertexBuffer.h">
      <Filter>EngineSystem\RenderySystem\VertexBuffer</Filter>
    </ClInclude>
    <ClInclude Include="VertexShader.h">
      <Filter>EngineSystem\RenderySystem\VertexShader</Filter>
    </ClInclude>
    <ClInclude Include="PixelShader.h">
      <Filter>EngineSystem\RenderySystem\PixelShader</Filter>
    </ClInclude>
    <ClInclude Include="IndexBuffer.h">
      <Filter>EngineSystem\RenderySystem\IndexBuffer</Filter>
    </ClInclude>
    <ClInclude Include="ConstantBuffer.h">
      <Filter>EngineSystem\RenderySystem\ConstantBuffer</Filter>
    </ClInclude>
    <ClInclude Include="Texture.h">
      <Filter>EngineSystem\ObjectSystem\TextureSystem</Filter>
    </ClInclude>
    <ClInclude Include="TextureSystem.h">
      <Filter>EngineSystem\ObjectSystem\TextureSystem</Filter>
    </ClInclude>
    <ClInclude Include="ObjectSystem.h">
      <Filter>EngineSystem\ObjectSystem</Filter>
    </ClInclude>
    <ClInclude Include="Resource.h">
      <Filter>EngineSystem\ObjectSystem\ResourceSystem</Filter>
    </ClInclude>
    <ClInclude Include="ResourceSystem.h">
      <Filter>EngineSystem\ObjectSystem\ResourceSystem</Filter>
    </ClInclude>
    <ClInclude Include="Object.h">
      <Filter>EngineSystem\ObjectSystem</Filter>
    </ClInclude>
    <ClInclude Include="CameraSystem.h">
      <Filter>CameraSystem</Filter>
    </ClInclude>
    <ClInclude Include="Camera.h">
      <Filter>CameraSystem</Filter>
    </ClInclude>
    <ClInclude Include="MeshSystem.h">
      <Filter>EngineSystem\ObjectSystem\MeshSystem</Filter>
    </ClInclude>
    <ClInclude Include="Mesh.h">
      <Filter>EngineSystem\ObjectSystem\MeshSystem</Filter>
    </ClInclude>
    <ClInclude Include="stb_image.h">
      <Filter>ImguiSystem\Imgui</Filter>
    </ClInclude>
    <ClInclude Include="ImFileDialog.h">
      <Filter>ImguiSystem\Imgui</Filter>
    </ClInclude>
    <ClInclude Include="MeshMap.h">
      <Filter>ToolSystem\ToolSystemMap\MapObject</Filter>
    </ClInclude>
    <ClInclude Include="Frustum.h">
      <Filter>CameraSystem\Frustum</Filter>
    </ClInclude>
    <ClInclude Include="FNode.h">
      <Filter>ToolSystem\ToolSystemMap\MapObject</Filter>
    </ClInclude>
    <ClInclude Include="FQuadTree.h">
      <Filter>ToolSystem\ToolSystemMap\MapObject</Filter>
    </ClInclude>
    <ClInclude Include="RasterizerState.h">
      <Filter>EngineSystem\RenderySystem\RasterizerState</Filter>
    </ClInclude>
    <ClInclude Include="FSelect.h">
      <Filter>ToolSystem\ToolSystemMap\MapObject</Filter>
    </ClInclude>
    <ClInclude Include="Material.h">
      <Filter>EngineSystem\ObjectSystem\MaterialSystem</Filter>
    </ClInclude>
    <ClInclude Include="MaterialSystem.h">
      <Filter>EngineSystem\ObjectSystem\MaterialSystem</Filter>
    </ClInclude>
    <ClInclude Include="FBXSystem.h">
      <Filter>FBXSystem</Filter>
    </ClInclude>
    <ClInclude Include="FBXSample.h">
      <Filter>FBXSystem</Filter>
    </ClInclude>
    <ClInclude Include="FBXFile.h">
      <Filter>FBXSystem\FBXFile</Filter>
    </ClInclude>
    <ClInclude Include="FBXNode.h">
      <Filter>FBXSystem\FBXFile\FBXNode</Filter>
    </ClInclude>
    <ClInclude Include="ToolSystemMap.h">
      <Filter>ToolSystem\ToolSystemMap</Filter>
    </ClInclude>
    <ClInclude Include="TCollision.h">
      <Filter>PhysicsSystem</Filter>
    </ClInclude>
    <ClInclude Include="MeshNode.h">
      <Filter>EngineSystem\ObjectSystem\MeshSystem\MeshNode</Filter>
    </ClInclude>
    <ClInclude Include="FileSystem.h" />
  </ItemGroup>
  <ItemGroup>
    <ClCompile Include="WindowSystem.cpp">
      <Filter>WindowSystem</Filter>
    </ClCompile>
    <ClCompile Include="imgui.cpp">
      <Filter>ImguiSystem\Imgui</Filter>
    </ClCompile>
    <ClCompile Include="imgui_demo.cpp">
      <Filter>ImguiSystem\Imgui</Filter>
    </ClCompile>
    <ClCompile Include="imgui_draw.cpp">
      <Filter>ImguiSystem\Imgui</Filter>
    </ClCompile>
    <ClCompile Include="imgui_impl_dx11.cpp">
      <Filter>ImguiSystem\Imgui</Filter>
    </ClCompile>
    <ClCompile Include="imgui_impl_win32.cpp">
      <Filter>ImguiSystem\Imgui</Filter>
    </ClCompile>
    <ClCompile Include="imgui_tables.cpp">
      <Filter>ImguiSystem\Imgui</Filter>
    </ClCompile>
    <ClCompile Include="imgui_widgets.cpp">
      <Filter>ImguiSystem\Imgui</Filter>
    </ClCompile>
    <ClCompile Include="EntrySystem.cpp">
      <Filter>EntrySystem</Filter>
    </ClCompile>
    <ClCompile Include="main.cpp" />
    <ClCompile Include="EngineSystem.cpp">
      <Filter>EngineSystem</Filter>
    </ClCompile>
    <ClCompile Include="InputSystem.cpp">
      <Filter>InputSystem</Filter>
    </ClCompile>
    <ClCompile Include="RenderSystem.cpp">
      <Filter>EngineSystem\RenderySystem</Filter>
    </ClCompile>
    <ClCompile Include="SwapChain.cpp">
      <Filter>EngineSystem\RenderySystem\SwapChain</Filter>
    </ClCompile>
    <ClCompile Include="Device.cpp">
      <Filter>EngineSystem\RenderySystem\Device</Filter>
    </ClCompile>
    <ClCompile Include="ImguiSystem.cpp">
      <Filter>ImguiSystem</Filter>
    </ClCompile>
    <ClCompile Include="VertexBuffer.cpp">
      <Filter>EngineSystem\RenderySystem\VertexBuffer</Filter>
    </ClCompile>
    <ClCompile Include="VertexShader.cpp">
      <Filter>EngineSystem\RenderySystem\VertexShader</Filter>
    </ClCompile>
    <ClCompile Include="PixelShader.cpp">
      <Filter>EngineSystem\RenderySystem\PixelShader</Filter>
    </ClCompile>
    <ClCompile Include="IndexBuffer.cpp">
      <Filter>EngineSystem\RenderySystem\IndexBuffer</Filter>
    </ClCompile>
    <ClCompile Include="ConstantBuffer.cpp">
      <Filter>EngineSystem\RenderySystem\ConstantBuffer</Filter>
    </ClCompile>
    <ClCompile Include="Texture.cpp">
      <Filter>EngineSystem\ObjectSystem\TextureSystem</Filter>
    </ClCompile>
    <ClCompile Include="TextureSystem.cpp">
      <Filter>EngineSystem\ObjectSystem\TextureSystem</Filter>
    </ClCompile>
    <ClCompile Include="ObjectSystem.cpp">
      <Filter>EngineSystem\ObjectSystem</Filter>
    </ClCompile>
    <ClCompile Include="Resource.cpp">
      <Filter>EngineSystem\ObjectSystem\ResourceSystem</Filter>
    </ClCompile>
    <ClCompile Include="ResourceSystem.cpp">
      <Filter>EngineSystem\ObjectSystem\ResourceSystem</Filter>
    </ClCompile>
    <ClCompile Include="Object.cpp">
      <Filter>EngineSystem\ObjectSystem</Filter>
    </ClCompile>
    <ClCompile Include="CameraSystem.cpp">
      <Filter>CameraSystem</Filter>
    </ClCompile>
    <ClCompile Include="Camera.cpp">
      <Filter>CameraSystem</Filter>
    </ClCompile>
    <ClCompile Include="MeshSystem.cpp">
      <Filter>EngineSystem\ObjectSystem\MeshSystem</Filter>
    </ClCompile>
    <ClCompile Include="Mesh.cpp">
      <Filter>EngineSystem\ObjectSystem\MeshSystem</Filter>
    </ClCompile>
    <ClCompile Include="ImFileDialog.cpp">
      <Filter>ImguiSystem\Imgui</Filter>
    </ClCompile>
    <ClCompile Include="MeshMap.cpp">
      <Filter>ToolSystem\ToolSystemMap\MapObject</Filter>
    </ClCompile>
    <ClCompile Include="Frustum.cpp">
      <Filter>CameraSystem\Frustum</Filter>
    </ClCompile>
    <ClCompile Include="FNode.cpp">
      <Filter>ToolSystem\ToolSystemMap\MapObject</Filter>
    </ClCompile>
    <ClCompile Include="FQuadTree.cpp">
      <Filter>ToolSystem\ToolSystemMap\MapObject</Filter>
    </ClCompile>
    <ClCompile Include="RasterizerState.cpp">
      <Filter>EngineSystem\RenderySystem\RasterizerState</Filter>
    </ClCompile>
    <ClCompile Include="FSelect.cpp">
      <Filter>ToolSystem\ToolSystemMap\MapObject</Filter>
    </ClCompile>
    <ClCompile Include="Material.cpp">
      <Filter>EngineSystem\ObjectSystem\MaterialSystem</Filter>
    </ClCompile>
    <ClCompile Include="MaterialSystem.cpp">
      <Filter>EngineSystem\ObjectSystem\MaterialSystem</Filter>
    </ClCompile>
    <ClCompile Include="FBXSample.cpp">
      <Filter>FBXSystem</Filter>
    </ClCompile>
    <ClCompile Include="FBXSystem.cpp">
      <Filter>FBXSystem</Filter>
    </ClCompile>
    <ClCompile Include="FBXFile.cpp">
      <Filter>FBXSystem\FBXFile</Filter>
    </ClCompile>
    <ClCompile Include="FBXNode.cpp">
      <Filter>FBXSystem\FBXFile\FBXNode</Filter>
    </ClCompile>
    <ClCompile Include="ToolSystemMap.cpp">
      <Filter>ToolSystem\ToolSystemMap</Filter>
    </ClCompile>
    <ClCompile Include="TCollision.cpp">
      <Filter>PhysicsSystem</Filter>
    </ClCompile>
    <ClCompile Include="MeshNode.cpp">
      <Filter>EngineSystem\ObjectSystem\MeshSystem\MeshNode</Filter>
    </ClCompile>
    <ClCompile Include="FileSystem.cpp" />
  </ItemGroup>
  <ItemGroup>
    <None Include="imgui.ini">
      <Filter>ImguiSystem\Imgui</Filter>
    </None>
  </ItemGroup>
  <ItemGroup>
    <Natvis Include="imgui.natvis">
      <Filter>ImguiSystem\Imgui</Filter>
    </Natvis>
  </ItemGroup>
  <ItemGroup>
    <FxCompile Include="DefaultVertexShader.hlsl">
      <Filter>Shaders</Filter>
    </FxCompile>
    <FxCompile Include="DefaultPixelShader.hlsl">
      <Filter>Shaders</Filter>
    </FxCompile>
  </ItemGroup>
</Project>