<?xml version="1.0" encoding="utf-8"?>
<Project ToolsVersion="4.0" xmlns="http://schemas.microsoft.com/developer/msbuild/2003">
  <ItemGroup>
    <Filter Include="Shaders">
      <UniqueIdentifier>{0c7c620b-d82e-4224-9532-312c0406dae8}</UniqueIdentifier>
    </Filter>
    <Filter Include="WindowSystem">
      <UniqueIdentifier>{ebb6abe7-7bb6-4986-a162-6c171c91c5ff}</UniqueIdentifier>
    </Filter>
    <Filter Include="EntrySystem">
      <UniqueIdentifier>{f3f27a5b-ac88-4b62-861a-ce75647c7425}</UniqueIdentifier>
    </Filter>
    <Filter Include="EngineSystem">
      <UniqueIdentifier>{73e97bd6-35ae-4c2e-a6e7-be0d027ead83}</UniqueIdentifier>
    </Filter>
    <Filter Include="EngineSystem\RenderySystem">
      <UniqueIdentifier>{40052ba3-4011-40c1-abc2-670715c9aa19}</UniqueIdentifier>
    </Filter>
    <Filter Include="InputSystem">
      <UniqueIdentifier>{9167c0f8-64ce-4e65-8ab1-65eb9e2bc6b6}</UniqueIdentifier>
    </Filter>
    <Filter Include="EngineSystem\RenderySystem\SwapChain">
      <UniqueIdentifier>{f49033b0-a7f2-43fd-87ea-61348a6d67f2}</UniqueIdentifier>
    </Filter>
    <Filter Include="EngineSystem\RenderySystem\Device">
      <UniqueIdentifier>{b037ae5c-2a72-4416-aebf-bf73664a8284}</UniqueIdentifier>
    </Filter>
    <Filter Include="ImguiSystem">
      <UniqueIdentifier>{bcfd9189-7fd0-46c8-b21a-4adbc93983a2}</UniqueIdentifier>
    </Filter>
    <Filter Include="ImguiSystem\Imgui">
      <UniqueIdentifier>{ffe8806e-5f2a-4059-8ccd-67531d9015f0}</UniqueIdentifier>
    </Filter>
    <Filter Include="EngineSystem\RenderySystem\VertexBuffer">
      <UniqueIdentifier>{1cc983fe-60ba-4d56-986f-d88d8689b585}</UniqueIdentifier>
    </Filter>
    <Filter Include="EngineSystem\RenderySystem\IndexBuffer">
      <UniqueIdentifier>{70339c64-7a49-44a7-a131-27fc3a84c449}</UniqueIdentifier>
    </Filter>
    <Filter Include="EngineSystem\RenderySystem\ConstantBuffer">
      <UniqueIdentifier>{35643c2c-bccf-4ce2-a60d-703af6da2d21}</UniqueIdentifier>
    </Filter>
    <Filter Include="EngineSystem\RenderySystem\VertexShader">
      <UniqueIdentifier>{55b0426d-68f3-462f-9545-4465a5c1336d}</UniqueIdentifier>
    </Filter>
    <Filter Include="EngineSystem\RenderySystem\PixelShader">
      <UniqueIdentifier>{7784ca5a-7455-41c8-bf39-d1c9b157c3c1}</UniqueIdentifier>
    </Filter>
    <Filter Include="EngineSystem\ObjectManager">
      <UniqueIdentifier>{aeace847-671b-48cf-9d58-553c0ba7b304}</UniqueIdentifier>
    </Filter>
    <Filter Include="EngineSystem\ObjectManager\TextureSystem">
      <UniqueIdentifier>{4c22790f-5137-41bb-bf32-33acbb1aa8d4}</UniqueIdentifier>
    </Filter>
    <Filter Include="EngineSystem\ObjectManager\MaterialSystem">
      <UniqueIdentifier>{35e4ab3a-7c1b-4b2c-b298-8fa7b3cf7e51}</UniqueIdentifier>
    </Filter>
    <Filter Include="EngineSystem\ObjectManager\MeshSystem">
      <UniqueIdentifier>{56d08058-abd3-4b96-89cb-e4a804203f7b}</UniqueIdentifier>
    </Filter>
    <Filter Include="EngineSystem\ObjectManager\ResourceSystem">
      <UniqueIdentifier>{960b28d9-d01f-42eb-92e6-5961374e11fc}</UniqueIdentifier>
    </Filter>
    <Filter Include="PhysicsSystem">
      <UniqueIdentifier>{f7efe1f4-6912-4152-abc8-9479a593c9a4}</UniqueIdentifier>
    </Filter>
    <Filter Include="CameraSystem">
      <UniqueIdentifier>{0ee06906-4478-4336-860b-189e537498f3}</UniqueIdentifier>
    </Filter>
  </ItemGroup>
  <ItemGroup>
    <ClInclude Include="WindowSystem.h">
      <Filter>WindowSystem</Filter>
    </ClInclude>
    <ClInclude Include="stdafx.h" />
    <ClInclude Include="imconfig.h">
      <Filter>ImguiSystem\Imgui</Filter>
    </ClInclude>
    <ClInclude Include="imgui.h">
      <Filter>ImguiSystem\Imgui</Filter>
    </ClInclude>
    <ClInclude Include="imgui_impl_dx11.h">
      <Filter>ImguiSystem\Imgui</Filter>
    </ClInclude>
    <ClInclude Include="imgui_impl_win32.h">
      <Filter>ImguiSystem\Imgui</Filter>
    </ClInclude>
    <ClInclude Include="imgui_internal.h">
      <Filter>ImguiSystem\Imgui</Filter>
    </ClInclude>
    <ClInclude Include="imstb_rectpack.h">
      <Filter>ImguiSystem\Imgui</Filter>
    </ClInclude>
    <ClInclude Include="imstb_textedit.h">
      <Filter>ImguiSystem\Imgui</Filter>
    </ClInclude>
    <ClInclude Include="imstb_truetype.h">
      <Filter>ImguiSystem\Imgui</Filter>
    </ClInclude>
    <ClInclude Include="EntrySystem.h">
      <Filter>EntrySystem</Filter>
    </ClInclude>
    <ClInclude Include="EngineSystem.h">
      <Filter>EngineSystem</Filter>
    </ClInclude>
    <ClInclude Include="InputSystem.h">
      <Filter>InputSystem</Filter>
    </ClInclude>
    <ClInclude Include="RenderSystem.h">
      <Filter>EngineSystem\RenderySystem</Filter>
    </ClInclude>
    <ClInclude Include="SwapChain.h">
      <Filter>EngineSystem\RenderySystem\SwapChain</Filter>
    </ClInclude>
    <ClInclude Include="Device.h">
      <Filter>EngineSystem\RenderySystem\Device</Filter>
    </ClInclude>
    <ClInclude Include="ImguiSystem.h">
      <Filter>ImguiSystem</Filter>
    </ClInclude>
    <ClInclude Include="VertexBuffer.h">
      <Filter>EngineSystem\RenderySystem\VertexBuffer</Filter>
    </ClInclude>
    <ClInclude Include="VertexShader.h">
      <Filter>EngineSystem\RenderySystem\VertexShader</Filter>
    </ClInclude>
    <ClInclude Include="PixelShader.h">
      <Filter>EngineSystem\RenderySystem\PixelShader</Filter>
    </ClInclude>
    <ClInclude Include="IndexBuffer.h">
      <Filter>EngineSystem\RenderySystem\IndexBuffer</Filter>
    </ClInclude>
    <ClInclude Include="ConstantBuffer.h">
      <Filter>EngineSystem\RenderySystem\ConstantBuffer</Filter>
    </ClInclude>
    <ClInclude Include="Texture.h">
      <Filter>EngineSystem\ObjectManager\TextureSystem</Filter>
    </ClInclude>
    <ClInclude Include="TextureSystem.h">
      <Filter>EngineSystem\ObjectManager\TextureSystem</Filter>
    </ClInclude>
    <ClInclude Include="ObjectManager.h">
      <Filter>EngineSystem\ObjectManager</Filter>
    </ClInclude>
    <ClInclude Include="Resource.h">
      <Filter>EngineSystem\ObjectManager\ResourceSystem</Filter>
    </ClInclude>
    <ClInclude Include="ResourceSystem.h">
      <Filter>EngineSystem\ObjectManager\ResourceSystem</Filter>
    </ClInclude>
    <ClInclude Include="Object.h">
      <Filter>EngineSystem\ObjectManager</Filter>
    </ClInclude>
    <ClInclude Include="CameraSystem.h">
      <Filter>CameraSystem</Filter>
    </ClInclude>
    <ClInclude Include="Camera.h">
      <Filter>CameraSystem</Filter>
    </ClInclude>
    <ClInclude Include="MeshSystem.h">
      <Filter>EngineSystem\ObjectManager\MeshSystem</Filter>
    </ClInclude>
    <ClInclude Include="Mesh.h">
      <Filter>EngineSystem\ObjectManager\MeshSystem</Filter>
    </ClInclude>
  </ItemGroup>
  <ItemGroup>
    <ClCompile Include="WindowSystem.cpp">
      <Filter>WindowSystem</Filter>
    </ClCompile>
    <ClCompile Include="imgui.cpp">
      <Filter>ImguiSystem\Imgui</Filter>
    </ClCompile>
    <ClCompile Include="imgui_demo.cpp">
      <Filter>ImguiSystem\Imgui</Filter>
    </ClCompile>
    <ClCompile Include="imgui_draw.cpp">
      <Filter>ImguiSystem\Imgui</Filter>
    </ClCompile>
    <ClCompile Include="imgui_impl_dx11.cpp">
      <Filter>ImguiSystem\Imgui</Filter>
    </ClCompile>
    <ClCompile Include="imgui_impl_win32.cpp">
      <Filter>ImguiSystem\Imgui</Filter>
    </ClCompile>
    <ClCompile Include="imgui_tables.cpp">
      <Filter>ImguiSystem\Imgui</Filter>
    </ClCompile>
    <ClCompile Include="imgui_widgets.cpp">
      <Filter>ImguiSystem\Imgui</Filter>
    </ClCompile>
    <ClCompile Include="EntrySystem.cpp">
      <Filter>EntrySystem</Filter>
    </ClCompile>
    <ClCompile Include="main.cpp" />
    <ClCompile Include="EngineSystem.cpp">
      <Filter>EngineSystem</Filter>
    </ClCompile>
    <ClCompile Include="InputSystem.cpp">
      <Filter>InputSystem</Filter>
    </ClCompile>
    <ClCompile Include="RenderSystem.cpp">
      <Filter>EngineSystem\RenderySystem</Filter>
    </ClCompile>
    <ClCompile Include="SwapChain.cpp">
      <Filter>EngineSystem\RenderySystem\SwapChain</Filter>
    </ClCompile>
    <ClCompile Include="Device.cpp">
      <Filter>EngineSystem\RenderySystem\Device</Filter>
    </ClCompile>
    <ClCompile Include="ImguiSystem.cpp">
      <Filter>ImguiSystem</Filter>
    </ClCompile>
    <ClCompile Include="VertexBuffer.cpp">
      <Filter>EngineSystem\RenderySystem\VertexBuffer</Filter>
    </ClCompile>
    <ClCompile Include="VertexShader.cpp">
      <Filter>EngineSystem\RenderySystem\VertexShader</Filter>
    </ClCompile>
    <ClCompile Include="PixelShader.cpp">
      <Filter>EngineSystem\RenderySystem\PixelShader</Filter>
    </ClCompile>
    <ClCompile Include="IndexBuffer.cpp">
      <Filter>EngineSystem\RenderySystem\IndexBuffer</Filter>
    </ClCompile>
    <ClCompile Include="ConstantBuffer.cpp">
      <Filter>EngineSystem\RenderySystem\ConstantBuffer</Filter>
    </ClCompile>
    <ClCompile Include="Texture.cpp">
      <Filter>EngineSystem\ObjectManager\TextureSystem</Filter>
    </ClCompile>
    <ClCompile Include="TextureSystem.cpp">
      <Filter>EngineSystem\ObjectManager\TextureSystem</Filter>
    </ClCompile>
    <ClCompile Include="ObjectManager.cpp">
      <Filter>EngineSystem\ObjectManager</Filter>
    </ClCompile>
    <ClCompile Include="Resource.cpp">
      <Filter>EngineSystem\ObjectManager\ResourceSystem</Filter>
    </ClCompile>
    <ClCompile Include="ResourceSystem.cpp">
      <Filter>EngineSystem\ObjectManager\ResourceSystem</Filter>
    </ClCompile>
    <ClCompile Include="Object.cpp">
      <Filter>EngineSystem\ObjectManager</Filter>
    </ClCompile>
    <ClCompile Include="CameraSystem.cpp">
      <Filter>CameraSystem</Filter>
    </ClCompile>
    <ClCompile Include="Camera.cpp">
      <Filter>CameraSystem</Filter>
    </ClCompile>
    <ClCompile Include="MeshSystem.cpp">
      <Filter>EngineSystem\ObjectManager\MeshSystem</Filter>
    </ClCompile>
    <ClCompile Include="Mesh.cpp">
      <Filter>EngineSystem\ObjectManager\MeshSystem</Filter>
    </ClCompile>
  </ItemGroup>
  <ItemGroup>
    <None Include="imgui.ini">
      <Filter>ImguiSystem\Imgui</Filter>
    </None>
  </ItemGroup>
  <ItemGroup>
    <Natvis Include="imgui.natvis">
      <Filter>ImguiSystem\Imgui</Filter>
    </Natvis>
  </ItemGroup>
  <ItemGroup>
    <FxCompile Include="DefaultVertexShader.hlsl">
      <Filter>Shaders</Filter>
    </FxCompile>
    <FxCompile Include="DefaultPixelShader.hlsl">
      <Filter>Shaders</Filter>
    </FxCompile>
  </ItemGroup>
</Project>